
Microsoft Visual Studio Solution File, Format Version 12.00
# Visual Studio Version 17
VisualStudioVersion = 17.9.34728.123
MinimumVisualStudioVersion = 10.0.40219.1
Project("{9A19103F-16F7-4668-BE54-9A1E7A4F7556}") = "VisStatsBL", "VisStatsBL\VisStatsBL.csproj", "{3A04B105-2BA5-41E5-BFD7-A7FBBCD5A47F}"
EndProject
Project("{9A19103F-16F7-4668-BE54-9A1E7A4F7556}") = "VisStatsDL_File", "VisStatsDL_File\VisStatsDL_File.csproj", "{EB560468-DDCF-48D2-BEDF-6DA5DED987C4}"
EndProject
Project("{9A19103F-16F7-4668-BE54-9A1E7A4F7556}") = "VisStatsDL_SQL", "VisStatsDL_SQL\VisStatsDL_SQL.csproj", "{1D9B230D-BC1E-4D24-A01E-8517A2C41C35}"
EndProject
Project("{9A19103F-16F7-4668-BE54-9A1E7A4F7556}") = "VisStatsUI_DataUpload", "VisStatsUI_DataUpload\VisStatsUI_DataUpload.csproj", "{EDAAA4D8-E624-46D2-8B45-4B9659EFC8DE}"
EndProject
Project("{2150E333-8FDC-42A3-9474-1A3956D46DE8}") = "TestApp", "TestApp", "{4D89BABD-95CC-46FC-A293-783A9038C2B3}"
EndProject
Project("{9A19103F-16F7-4668-BE54-9A1E7A4F7556}") = "ConsoleAppTestManager", "ConsoleAppTestManager\ConsoleAppTestManager.csproj", "{87A94466-45D0-4BFD-9E85-62A37CC4067F}"
EndProject
Project("{FAE04EC0-301F-11D3-BF4B-00C04F79EFBC}") = "VisStatsUI_Statistieken", "VisStatsUI_Statistieken\VisStatsUI_Statistieken.csproj", "{3A54E303-B31E-45D8-8AC5-F09B961A7551}"
EndProject
Global
	GlobalSection(SolutionConfigurationPlatforms) = preSolution
		Debug|Any CPU = Debug|Any CPU
		Release|Any CPU = Release|Any CPU
	EndGlobalSection
	GlobalSection(ProjectConfigurationPlatforms) = postSolution
		{3A04B105-2BA5-41E5-BFD7-A7FBBCD5A47F}.Debug|Any CPU.ActiveCfg = Debug|Any CPU
		{3A04B105-2BA5-41E5-BFD7-A7FBBCD5A47F}.Debug|Any CPU.Build.0 = Debug|Any CPU
		{3A04B105-2BA5-41E5-BFD7-A7FBBCD5A47F}.Release|Any CPU.ActiveCfg = Release|Any CPU
		{3A04B105-2BA5-41E5-BFD7-A7FBBCD5A47F}.Release|Any CPU.Build.0 = Release|Any CPU
		{EB560468-DDCF-48D2-BEDF-6DA5DED987C4}.Debug|Any CPU.ActiveCfg = Debug|Any CPU
		{EB560468-DDCF-48D2-BEDF-6DA5DED987C4}.Debug|Any CPU.Build.0 = Debug|Any CPU
		{EB560468-DDCF-48D2-BEDF-6DA5DED987C4}.Release|Any CPU.ActiveCfg = Release|Any CPU
		{EB560468-DDCF-48D2-BEDF-6DA5DED987C4}.Release|Any CPU.Build.0 = Release|Any CPU
		{1D9B230D-BC1E-4D24-A01E-8517A2C41C35}.Debug|Any CPU.ActiveCfg = Debug|Any CPU
		{1D9B230D-BC1E-4D24-A01E-8517A2C41C35}.Debug|Any CPU.Build.0 = Debug|Any CPU
		{1D9B230D-BC1E-4D24-A01E-8517A2C41C35}.Release|Any CPU.ActiveCfg = Release|Any CPU
		{1D9B230D-BC1E-4D24-A01E-8517A2C41C35}.Release|Any CPU.Build.0 = Release|Any CPU
		{EDAAA4D8-E624-46D2-8B45-4B9659EFC8DE}.Debug|Any CPU.ActiveCfg = Debug|Any CPU
		{EDAAA4D8-E624-46D2-8B45-4B9659EFC8DE}.Debug|Any CPU.Build.0 = Debug|Any CPU
		{EDAAA4D8-E624-46D2-8B45-4B9659EFC8DE}.Release|Any CPU.ActiveCfg = Release|Any CPU
		{EDAAA4D8-E624-46D2-8B45-4B9659EFC8DE}.Release|Any CPU.Build.0 = Release|Any CPU
		{87A94466-45D0-4BFD-9E85-62A37CC4067F}.Debug|Any CPU.ActiveCfg = Debug|Any CPU
		{87A94466-45D0-4BFD-9E85-62A37CC4067F}.Debug|Any CPU.Build.0 = Debug|Any CPU
		{87A94466-45D0-4BFD-9E85-62A37CC4067F}.Release|Any CPU.ActiveCfg = Release|Any CPU
		{87A94466-45D0-4BFD-9E85-62A37CC4067F}.Release|Any CPU.Build.0 = Release|Any CPU
		{3A54E303-B31E-45D8-8AC5-F09B961A7551}.Debug|Any CPU.ActiveCfg = Debug|Any CPU
		{3A54E303-B31E-45D8-8AC5-F09B961A7551}.Debug|Any CPU.Build.0 = Debug|Any CPU
		{3A54E303-B31E-45D8-8AC5-F09B961A7551}.Release|Any CPU.ActiveCfg = Release|Any CPU
		{3A54E303-B31E-45D8-8AC5-F09B961A7551}.Release|Any CPU.Build.0 = Release|Any CPU
	EndGlobalSection
	GlobalSection(SolutionProperties) = preSolution
		HideSolutionNode = FALSE
	EndGlobalSection
	GlobalSection(NestedProjects) = preSolution
		{87A94466-45D0-4BFD-9E85-62A37CC4067F} = {4D89BABD-95CC-46FC-A293-783A9038C2B3}
	EndGlobalSection
	GlobalSection(ExtensibilityGlobals) = postSolution
		SolutionGuid = {6A107D0D-D31D-4968-A428-E2D8415D28C2}
	EndGlobalSection
EndGlobal
